
Microsoft Visual Studio Solution File, Format Version 12.00
# Visual Studio Version 17
VisualStudioVersion = 17.1.31911.260
MinimumVisualStudioVersion = 10.0.40219.1
Project("{FAE04EC0-301F-11D3-BF4B-00C04F79EFBC}") = "GeometriaObliczeniowa", "GeometriaObliczeniowa.csproj", "{047EAF7A-86C7-4113-8D69-B5804F6F51AE}"
EndProject
Global
	GlobalSection(SolutionConfigurationPlatforms) = preSolution
		Debug|Any CPU = Debug|Any CPU
		Release|Any CPU = Release|Any CPU
	EndGlobalSection
	GlobalSection(ProjectConfigurationPlatforms) = postSolution
		{047EAF7A-86C7-4113-8D69-B5804F6F51AE}.Debug|Any CPU.ActiveCfg = Debug|Any CPU
		{047EAF7A-86C7-4113-8D69-B5804F6F51AE}.Debug|Any CPU.Build.0 = Debug|Any CPU
		{047EAF7A-86C7-4113-8D69-B5804F6F51AE}.Release|Any CPU.ActiveCfg = Release|Any CPU
		{047EAF7A-86C7-4113-8D69-B5804F6F51AE}.Release|Any CPU.Build.0 = Release|Any CPU
	EndGlobalSection
	GlobalSection(SolutionProperties) = preSolution
		HideSolutionNode = FALSE
	EndGlobalSection
	GlobalSection(ExtensibilityGlobals) = postSolution
		SolutionGuid = {7C26D0A0-80AD-4FB5-A3DE-33599D249A7F}
	EndGlobalSection
EndGlobal
